<Solution>
  <Configurations>
    <Platform Name="Any CPU" />
    <Platform Name="x64" />
    <Platform Name="x86" />
  </Configurations>
  <Folder Name="/Solution Items/">
    <File Path="global.json" />
    <File Path="NuGet.Config" />
  </Folder>
  <Project Path="Newtonsoft.Json.Bson.Tests/Newtonsoft.Json.Bson.Tests.csproj" />
  <Project Path="Newtonsoft.Json.Bson/Newtonsoft.Json.Bson.csproj" />
</Solution>
